
Microsoft Visual Studio Solution File, Format Version 12.00
# Visual Studio Version 17
VisualStudioVersion = 17.14.36804.6 d17.14
MinimumVisualStudioVersion = 10.0.40219.1
Project("{FAE04EC0-301F-11D3-BF4B-00C04F79EFBC}") = "task_5_56", "task_5_56\task_5_56.csproj", "{C81D50FE-9D92-4B44-8FE8-16633B33BDA2}"
EndProject
Global
	GlobalSection(SolutionConfigurationPlatforms) = preSolution
		Debug|Any CPU = Debug|Any CPU
		Release|Any CPU = Release|Any CPU
	EndGlobalSection
	GlobalSection(ProjectConfigurationPlatforms) = postSolution
		{C81D50FE-9D92-4B44-8FE8-16633B33BDA2}.Debug|Any CPU.ActiveCfg = Debug|Any CPU
		{C81D50FE-9D92-4B44-8FE8-16633B33BDA2}.Debug|Any CPU.Build.0 = Debug|Any CPU
		{C81D50FE-9D92-4B44-8FE8-16633B33BDA2}.Release|Any CPU.ActiveCfg = Release|Any CPU
		{C81D50FE-9D92-4B44-8FE8-16633B33BDA2}.Release|Any CPU.Build.0 = Release|Any CPU
	EndGlobalSection
	GlobalSection(SolutionProperties) = preSolution
		HideSolutionNode = FALSE
	EndGlobalSection
	GlobalSection(ExtensibilityGlobals) = postSolution
		SolutionGuid = {9B768EC3-6614-446B-B28B-F3316794AAE5}
	EndGlobalSection
EndGlobal
