
Microsoft Visual Studio Solution File, Format Version 12.00
# Visual Studio Version 17
VisualStudioVersion = 17.14.36804.6 d17.14
MinimumVisualStudioVersion = 10.0.40219.1
Project("{FAE04EC0-301F-11D3-BF4B-00C04F79EFBC}") = "task_5_17", "task_5_17\task_5_17.csproj", "{0E2BF35D-5053-4EDF-86A2-372B53D03558}"
EndProject
Global
	GlobalSection(SolutionConfigurationPlatforms) = preSolution
		Debug|Any CPU = Debug|Any CPU
		Release|Any CPU = Release|Any CPU
	EndGlobalSection
	GlobalSection(ProjectConfigurationPlatforms) = postSolution
		{0E2BF35D-5053-4EDF-86A2-372B53D03558}.Debug|Any CPU.ActiveCfg = Debug|Any CPU
		{0E2BF35D-5053-4EDF-86A2-372B53D03558}.Debug|Any CPU.Build.0 = Debug|Any CPU
		{0E2BF35D-5053-4EDF-86A2-372B53D03558}.Release|Any CPU.ActiveCfg = Release|Any CPU
		{0E2BF35D-5053-4EDF-86A2-372B53D03558}.Release|Any CPU.Build.0 = Release|Any CPU
	EndGlobalSection
	GlobalSection(SolutionProperties) = preSolution
		HideSolutionNode = FALSE
	EndGlobalSection
	GlobalSection(ExtensibilityGlobals) = postSolution
		SolutionGuid = {0CE63B68-DAF6-43ED-9B9A-C540D4C0DD4A}
	EndGlobalSection
EndGlobal
