
Microsoft Visual Studio Solution File, Format Version 12.00
# Visual Studio Version 17
VisualStudioVersion = 17.14.36804.6 d17.14
MinimumVisualStudioVersion = 10.0.40219.1
Project("{FAE04EC0-301F-11D3-BF4B-00C04F79EFBC}") = "task_542", "task_542\task_542.csproj", "{2578BA27-79F3-4AB4-9B49-40308A417D96}"
EndProject
Global
	GlobalSection(SolutionConfigurationPlatforms) = preSolution
		Debug|Any CPU = Debug|Any CPU
		Release|Any CPU = Release|Any CPU
	EndGlobalSection
	GlobalSection(ProjectConfigurationPlatforms) = postSolution
		{2578BA27-79F3-4AB4-9B49-40308A417D96}.Debug|Any CPU.ActiveCfg = Debug|Any CPU
		{2578BA27-79F3-4AB4-9B49-40308A417D96}.Debug|Any CPU.Build.0 = Debug|Any CPU
		{2578BA27-79F3-4AB4-9B49-40308A417D96}.Release|Any CPU.ActiveCfg = Release|Any CPU
		{2578BA27-79F3-4AB4-9B49-40308A417D96}.Release|Any CPU.Build.0 = Release|Any CPU
	EndGlobalSection
	GlobalSection(SolutionProperties) = preSolution
		HideSolutionNode = FALSE
	EndGlobalSection
	GlobalSection(ExtensibilityGlobals) = postSolution
		SolutionGuid = {1356E040-24A0-4699-8D1B-FA64B0E7D3D9}
	EndGlobalSection
EndGlobal
