
Microsoft Visual Studio Solution File, Format Version 12.00
# Visual Studio Version 17
VisualStudioVersion = 17.14.36804.6 d17.14
MinimumVisualStudioVersion = 10.0.40219.1
Project("{FAE04EC0-301F-11D3-BF4B-00C04F79EFBC}") = "task_5_29", "task_5_29\task_5_29.csproj", "{495ECD75-7E73-4BB5-A931-4E144A63CB81}"
EndProject
Global
	GlobalSection(SolutionConfigurationPlatforms) = preSolution
		Debug|Any CPU = Debug|Any CPU
		Release|Any CPU = Release|Any CPU
	EndGlobalSection
	GlobalSection(ProjectConfigurationPlatforms) = postSolution
		{495ECD75-7E73-4BB5-A931-4E144A63CB81}.Debug|Any CPU.ActiveCfg = Debug|Any CPU
		{495ECD75-7E73-4BB5-A931-4E144A63CB81}.Debug|Any CPU.Build.0 = Debug|Any CPU
		{495ECD75-7E73-4BB5-A931-4E144A63CB81}.Release|Any CPU.ActiveCfg = Release|Any CPU
		{495ECD75-7E73-4BB5-A931-4E144A63CB81}.Release|Any CPU.Build.0 = Release|Any CPU
	EndGlobalSection
	GlobalSection(SolutionProperties) = preSolution
		HideSolutionNode = FALSE
	EndGlobalSection
	GlobalSection(ExtensibilityGlobals) = postSolution
		SolutionGuid = {927644E0-9281-409E-AE5F-008EC7CCB9C1}
	EndGlobalSection
EndGlobal
