
Microsoft Visual Studio Solution File, Format Version 12.00
# Visual Studio Version 17
VisualStudioVersion = 17.14.36804.6 d17.14
MinimumVisualStudioVersion = 10.0.40219.1
Project("{FAE04EC0-301F-11D3-BF4B-00C04F79EFBC}") = "task_5_80", "task_5_80\task_5_80.csproj", "{1AE7B12E-9938-4E6F-86C5-9D4D05392403}"
EndProject
Global
	GlobalSection(SolutionConfigurationPlatforms) = preSolution
		Debug|Any CPU = Debug|Any CPU
		Release|Any CPU = Release|Any CPU
	EndGlobalSection
	GlobalSection(ProjectConfigurationPlatforms) = postSolution
		{1AE7B12E-9938-4E6F-86C5-9D4D05392403}.Debug|Any CPU.ActiveCfg = Debug|Any CPU
		{1AE7B12E-9938-4E6F-86C5-9D4D05392403}.Debug|Any CPU.Build.0 = Debug|Any CPU
		{1AE7B12E-9938-4E6F-86C5-9D4D05392403}.Release|Any CPU.ActiveCfg = Release|Any CPU
		{1AE7B12E-9938-4E6F-86C5-9D4D05392403}.Release|Any CPU.Build.0 = Release|Any CPU
	EndGlobalSection
	GlobalSection(SolutionProperties) = preSolution
		HideSolutionNode = FALSE
	EndGlobalSection
	GlobalSection(ExtensibilityGlobals) = postSolution
		SolutionGuid = {8FEC5448-482F-4053-A611-C664AFCDA3DA}
	EndGlobalSection
EndGlobal
