
Microsoft Visual Studio Solution File, Format Version 12.00
# Visual Studio Version 17
VisualStudioVersion = 17.14.36804.6 d17.14
MinimumVisualStudioVersion = 10.0.40219.1
Project("{FAE04EC0-301F-11D3-BF4B-00C04F79EFBC}") = "task_5_73", "task_5_73\task_5_73.csproj", "{95420C15-76E2-469E-AB6C-99E3B6C2DBC7}"
EndProject
Global
	GlobalSection(SolutionConfigurationPlatforms) = preSolution
		Debug|Any CPU = Debug|Any CPU
		Release|Any CPU = Release|Any CPU
	EndGlobalSection
	GlobalSection(ProjectConfigurationPlatforms) = postSolution
		{95420C15-76E2-469E-AB6C-99E3B6C2DBC7}.Debug|Any CPU.ActiveCfg = Debug|Any CPU
		{95420C15-76E2-469E-AB6C-99E3B6C2DBC7}.Debug|Any CPU.Build.0 = Debug|Any CPU
		{95420C15-76E2-469E-AB6C-99E3B6C2DBC7}.Release|Any CPU.ActiveCfg = Release|Any CPU
		{95420C15-76E2-469E-AB6C-99E3B6C2DBC7}.Release|Any CPU.Build.0 = Release|Any CPU
	EndGlobalSection
	GlobalSection(SolutionProperties) = preSolution
		HideSolutionNode = FALSE
	EndGlobalSection
	GlobalSection(ExtensibilityGlobals) = postSolution
		SolutionGuid = {FF28C637-A080-4DC0-800C-543CD4D325A7}
	EndGlobalSection
EndGlobal
