
Microsoft Visual Studio Solution File, Format Version 12.00
# Visual Studio Version 17
VisualStudioVersion = 17.14.36804.6 d17.14
MinimumVisualStudioVersion = 10.0.40219.1
Project("{FAE04EC0-301F-11D3-BF4B-00C04F79EFBC}") = "task_5_44", "task_5_44\task_5_44.csproj", "{0293AD4F-39B1-4606-881D-95D23564B3E7}"
EndProject
Global
	GlobalSection(SolutionConfigurationPlatforms) = preSolution
		Debug|Any CPU = Debug|Any CPU
		Release|Any CPU = Release|Any CPU
	EndGlobalSection
	GlobalSection(ProjectConfigurationPlatforms) = postSolution
		{0293AD4F-39B1-4606-881D-95D23564B3E7}.Debug|Any CPU.ActiveCfg = Debug|Any CPU
		{0293AD4F-39B1-4606-881D-95D23564B3E7}.Debug|Any CPU.Build.0 = Debug|Any CPU
		{0293AD4F-39B1-4606-881D-95D23564B3E7}.Release|Any CPU.ActiveCfg = Release|Any CPU
		{0293AD4F-39B1-4606-881D-95D23564B3E7}.Release|Any CPU.Build.0 = Release|Any CPU
	EndGlobalSection
	GlobalSection(SolutionProperties) = preSolution
		HideSolutionNode = FALSE
	EndGlobalSection
	GlobalSection(ExtensibilityGlobals) = postSolution
		SolutionGuid = {C18BDC14-F57C-495E-8A2B-9FA86AC153EC}
	EndGlobalSection
EndGlobal
