
Microsoft Visual Studio Solution File, Format Version 12.00
# Visual Studio Version 17
VisualStudioVersion = 17.14.36804.6 d17.14
MinimumVisualStudioVersion = 10.0.40219.1
Project("{FAE04EC0-301F-11D3-BF4B-00C04F79EFBC}") = "task_5_27", "task_5_27\task_5_27.csproj", "{F5E5A1CA-333C-4914-8E4D-60FEF2159B0B}"
EndProject
Global
	GlobalSection(SolutionConfigurationPlatforms) = preSolution
		Debug|Any CPU = Debug|Any CPU
		Release|Any CPU = Release|Any CPU
	EndGlobalSection
	GlobalSection(ProjectConfigurationPlatforms) = postSolution
		{F5E5A1CA-333C-4914-8E4D-60FEF2159B0B}.Debug|Any CPU.ActiveCfg = Debug|Any CPU
		{F5E5A1CA-333C-4914-8E4D-60FEF2159B0B}.Debug|Any CPU.Build.0 = Debug|Any CPU
		{F5E5A1CA-333C-4914-8E4D-60FEF2159B0B}.Release|Any CPU.ActiveCfg = Release|Any CPU
		{F5E5A1CA-333C-4914-8E4D-60FEF2159B0B}.Release|Any CPU.Build.0 = Release|Any CPU
	EndGlobalSection
	GlobalSection(SolutionProperties) = preSolution
		HideSolutionNode = FALSE
	EndGlobalSection
	GlobalSection(ExtensibilityGlobals) = postSolution
		SolutionGuid = {28AB31F3-856E-4DE3-8E9E-11B45D7FFF94}
	EndGlobalSection
EndGlobal
