
Microsoft Visual Studio Solution File, Format Version 12.00
# Visual Studio Version 17
VisualStudioVersion = 17.14.36804.6 d17.14
MinimumVisualStudioVersion = 10.0.40219.1
Project("{FAE04EC0-301F-11D3-BF4B-00C04F79EFBC}") = "task_5_33", "task_5_33\task_5_33.csproj", "{D28EB3C9-0054-4DC0-986D-3891E159C3DD}"
EndProject
Global
	GlobalSection(SolutionConfigurationPlatforms) = preSolution
		Debug|Any CPU = Debug|Any CPU
		Release|Any CPU = Release|Any CPU
	EndGlobalSection
	GlobalSection(ProjectConfigurationPlatforms) = postSolution
		{D28EB3C9-0054-4DC0-986D-3891E159C3DD}.Debug|Any CPU.ActiveCfg = Debug|Any CPU
		{D28EB3C9-0054-4DC0-986D-3891E159C3DD}.Debug|Any CPU.Build.0 = Debug|Any CPU
		{D28EB3C9-0054-4DC0-986D-3891E159C3DD}.Release|Any CPU.ActiveCfg = Release|Any CPU
		{D28EB3C9-0054-4DC0-986D-3891E159C3DD}.Release|Any CPU.Build.0 = Release|Any CPU
	EndGlobalSection
	GlobalSection(SolutionProperties) = preSolution
		HideSolutionNode = FALSE
	EndGlobalSection
	GlobalSection(ExtensibilityGlobals) = postSolution
		SolutionGuid = {BF1BB3E7-5705-4ECB-9A82-BA5A21126AE1}
	EndGlobalSection
EndGlobal
