
Microsoft Visual Studio Solution File, Format Version 12.00
# Visual Studio Version 17
VisualStudioVersion = 17.14.36804.6 d17.14
MinimumVisualStudioVersion = 10.0.40219.1
Project("{FAE04EC0-301F-11D3-BF4B-00C04F79EFBC}") = "task_5_79", "task_5_79\task_5_79.csproj", "{700D0961-AAE4-420A-B6D8-1520FEB11762}"
EndProject
Global
	GlobalSection(SolutionConfigurationPlatforms) = preSolution
		Debug|Any CPU = Debug|Any CPU
		Release|Any CPU = Release|Any CPU
	EndGlobalSection
	GlobalSection(ProjectConfigurationPlatforms) = postSolution
		{700D0961-AAE4-420A-B6D8-1520FEB11762}.Debug|Any CPU.ActiveCfg = Debug|Any CPU
		{700D0961-AAE4-420A-B6D8-1520FEB11762}.Debug|Any CPU.Build.0 = Debug|Any CPU
		{700D0961-AAE4-420A-B6D8-1520FEB11762}.Release|Any CPU.ActiveCfg = Release|Any CPU
		{700D0961-AAE4-420A-B6D8-1520FEB11762}.Release|Any CPU.Build.0 = Release|Any CPU
	EndGlobalSection
	GlobalSection(SolutionProperties) = preSolution
		HideSolutionNode = FALSE
	EndGlobalSection
	GlobalSection(ExtensibilityGlobals) = postSolution
		SolutionGuid = {E590ACCF-503F-4058-B999-8E054D3EC6D1}
	EndGlobalSection
EndGlobal
