
Microsoft Visual Studio Solution File, Format Version 12.00
# Visual Studio Version 17
VisualStudioVersion = 17.14.36804.6 d17.14
MinimumVisualStudioVersion = 10.0.40219.1
Project("{FAE04EC0-301F-11D3-BF4B-00C04F79EFBC}") = "task_5_18", "task_5_18\task_5_18.csproj", "{0F39FCDF-E255-4FA3-A343-BE4716EF6DAE}"
EndProject
Global
	GlobalSection(SolutionConfigurationPlatforms) = preSolution
		Debug|Any CPU = Debug|Any CPU
		Release|Any CPU = Release|Any CPU
	EndGlobalSection
	GlobalSection(ProjectConfigurationPlatforms) = postSolution
		{0F39FCDF-E255-4FA3-A343-BE4716EF6DAE}.Debug|Any CPU.ActiveCfg = Debug|Any CPU
		{0F39FCDF-E255-4FA3-A343-BE4716EF6DAE}.Debug|Any CPU.Build.0 = Debug|Any CPU
		{0F39FCDF-E255-4FA3-A343-BE4716EF6DAE}.Release|Any CPU.ActiveCfg = Release|Any CPU
		{0F39FCDF-E255-4FA3-A343-BE4716EF6DAE}.Release|Any CPU.Build.0 = Release|Any CPU
	EndGlobalSection
	GlobalSection(SolutionProperties) = preSolution
		HideSolutionNode = FALSE
	EndGlobalSection
	GlobalSection(ExtensibilityGlobals) = postSolution
		SolutionGuid = {12FD70A5-B313-4978-A389-D6BC397DF07A}
	EndGlobalSection
EndGlobal
