
Microsoft Visual Studio Solution File, Format Version 12.00
# Visual Studio Version 17
VisualStudioVersion = 17.14.36804.6 d17.14
MinimumVisualStudioVersion = 10.0.40219.1
Project("{FAE04EC0-301F-11D3-BF4B-00C04F79EFBC}") = "task_5_63", "task_5_63\task_5_63.csproj", "{48939B06-F2E9-45CC-A870-31D37A478B49}"
EndProject
Global
	GlobalSection(SolutionConfigurationPlatforms) = preSolution
		Debug|Any CPU = Debug|Any CPU
		Release|Any CPU = Release|Any CPU
	EndGlobalSection
	GlobalSection(ProjectConfigurationPlatforms) = postSolution
		{48939B06-F2E9-45CC-A870-31D37A478B49}.Debug|Any CPU.ActiveCfg = Debug|Any CPU
		{48939B06-F2E9-45CC-A870-31D37A478B49}.Debug|Any CPU.Build.0 = Debug|Any CPU
		{48939B06-F2E9-45CC-A870-31D37A478B49}.Release|Any CPU.ActiveCfg = Release|Any CPU
		{48939B06-F2E9-45CC-A870-31D37A478B49}.Release|Any CPU.Build.0 = Release|Any CPU
	EndGlobalSection
	GlobalSection(SolutionProperties) = preSolution
		HideSolutionNode = FALSE
	EndGlobalSection
	GlobalSection(ExtensibilityGlobals) = postSolution
		SolutionGuid = {25B07596-6BFB-4937-978D-E7F9DC82598D}
	EndGlobalSection
EndGlobal
