
Microsoft Visual Studio Solution File, Format Version 12.00
# Visual Studio Version 17
VisualStudioVersion = 17.14.36804.6 d17.14
MinimumVisualStudioVersion = 10.0.40219.1
Project("{FAE04EC0-301F-11D3-BF4B-00C04F79EFBC}") = "task_5_47", "task_5_47\task_5_47.csproj", "{96AC38CF-5DC4-4516-98F2-1EDD8401FAA6}"
EndProject
Global
	GlobalSection(SolutionConfigurationPlatforms) = preSolution
		Debug|Any CPU = Debug|Any CPU
		Release|Any CPU = Release|Any CPU
	EndGlobalSection
	GlobalSection(ProjectConfigurationPlatforms) = postSolution
		{96AC38CF-5DC4-4516-98F2-1EDD8401FAA6}.Debug|Any CPU.ActiveCfg = Debug|Any CPU
		{96AC38CF-5DC4-4516-98F2-1EDD8401FAA6}.Debug|Any CPU.Build.0 = Debug|Any CPU
		{96AC38CF-5DC4-4516-98F2-1EDD8401FAA6}.Release|Any CPU.ActiveCfg = Release|Any CPU
		{96AC38CF-5DC4-4516-98F2-1EDD8401FAA6}.Release|Any CPU.Build.0 = Release|Any CPU
	EndGlobalSection
	GlobalSection(SolutionProperties) = preSolution
		HideSolutionNode = FALSE
	EndGlobalSection
	GlobalSection(ExtensibilityGlobals) = postSolution
		SolutionGuid = {1A71B782-B409-452C-838E-902D8715980E}
	EndGlobalSection
EndGlobal
