
Microsoft Visual Studio Solution File, Format Version 12.00
# Visual Studio Version 17
VisualStudioVersion = 17.14.36804.6 d17.14
MinimumVisualStudioVersion = 10.0.40219.1
Project("{FAE04EC0-301F-11D3-BF4B-00C04F79EFBC}") = "task_5_13", "task_5_13\task_5_13.csproj", "{8BE7AF1A-F86C-422A-A4CA-27C67F8A70AD}"
EndProject
Global
	GlobalSection(SolutionConfigurationPlatforms) = preSolution
		Debug|Any CPU = Debug|Any CPU
		Release|Any CPU = Release|Any CPU
	EndGlobalSection
	GlobalSection(ProjectConfigurationPlatforms) = postSolution
		{8BE7AF1A-F86C-422A-A4CA-27C67F8A70AD}.Debug|Any CPU.ActiveCfg = Debug|Any CPU
		{8BE7AF1A-F86C-422A-A4CA-27C67F8A70AD}.Debug|Any CPU.Build.0 = Debug|Any CPU
		{8BE7AF1A-F86C-422A-A4CA-27C67F8A70AD}.Release|Any CPU.ActiveCfg = Release|Any CPU
		{8BE7AF1A-F86C-422A-A4CA-27C67F8A70AD}.Release|Any CPU.Build.0 = Release|Any CPU
	EndGlobalSection
	GlobalSection(SolutionProperties) = preSolution
		HideSolutionNode = FALSE
	EndGlobalSection
	GlobalSection(ExtensibilityGlobals) = postSolution
		SolutionGuid = {EABC620A-12F1-41C1-BCFA-972FD5F7C89E}
	EndGlobalSection
EndGlobal
