
Microsoft Visual Studio Solution File, Format Version 12.00
# Visual Studio Version 17
VisualStudioVersion = 17.14.36804.6 d17.14
MinimumVisualStudioVersion = 10.0.40219.1
Project("{FAE04EC0-301F-11D3-BF4B-00C04F79EFBC}") = "task_5_40", "task_5_40\task_5_40.csproj", "{3D2B9AEF-79C8-4A37-94B7-9A2E85ED8948}"
EndProject
Global
	GlobalSection(SolutionConfigurationPlatforms) = preSolution
		Debug|Any CPU = Debug|Any CPU
		Release|Any CPU = Release|Any CPU
	EndGlobalSection
	GlobalSection(ProjectConfigurationPlatforms) = postSolution
		{3D2B9AEF-79C8-4A37-94B7-9A2E85ED8948}.Debug|Any CPU.ActiveCfg = Debug|Any CPU
		{3D2B9AEF-79C8-4A37-94B7-9A2E85ED8948}.Debug|Any CPU.Build.0 = Debug|Any CPU
		{3D2B9AEF-79C8-4A37-94B7-9A2E85ED8948}.Release|Any CPU.ActiveCfg = Release|Any CPU
		{3D2B9AEF-79C8-4A37-94B7-9A2E85ED8948}.Release|Any CPU.Build.0 = Release|Any CPU
	EndGlobalSection
	GlobalSection(SolutionProperties) = preSolution
		HideSolutionNode = FALSE
	EndGlobalSection
	GlobalSection(ExtensibilityGlobals) = postSolution
		SolutionGuid = {E35B2E29-AF8F-45AE-9A6A-5F8D05E1A1D5}
	EndGlobalSection
EndGlobal
