
Microsoft Visual Studio Solution File, Format Version 12.00
# Visual Studio Version 17
VisualStudioVersion = 17.14.36804.6 d17.14
MinimumVisualStudioVersion = 10.0.40219.1
Project("{FAE04EC0-301F-11D3-BF4B-00C04F79EFBC}") = "task_5_74", "task_5_74\task_5_74.csproj", "{37F21BCE-0189-4B42-A665-C6A1BF568446}"
EndProject
Global
	GlobalSection(SolutionConfigurationPlatforms) = preSolution
		Debug|Any CPU = Debug|Any CPU
		Release|Any CPU = Release|Any CPU
	EndGlobalSection
	GlobalSection(ProjectConfigurationPlatforms) = postSolution
		{37F21BCE-0189-4B42-A665-C6A1BF568446}.Debug|Any CPU.ActiveCfg = Debug|Any CPU
		{37F21BCE-0189-4B42-A665-C6A1BF568446}.Debug|Any CPU.Build.0 = Debug|Any CPU
		{37F21BCE-0189-4B42-A665-C6A1BF568446}.Release|Any CPU.ActiveCfg = Release|Any CPU
		{37F21BCE-0189-4B42-A665-C6A1BF568446}.Release|Any CPU.Build.0 = Release|Any CPU
	EndGlobalSection
	GlobalSection(SolutionProperties) = preSolution
		HideSolutionNode = FALSE
	EndGlobalSection
	GlobalSection(ExtensibilityGlobals) = postSolution
		SolutionGuid = {70DF3483-D5AE-45FD-ABE8-7CCE1CBEBB39}
	EndGlobalSection
EndGlobal
