
Microsoft Visual Studio Solution File, Format Version 12.00
# Visual Studio Version 17
VisualStudioVersion = 17.14.36804.6 d17.14
MinimumVisualStudioVersion = 10.0.40219.1
Project("{FAE04EC0-301F-11D3-BF4B-00C04F79EFBC}") = "task_5_5", "task_5_5\task_5_5.csproj", "{CBB72CC1-C545-4FE4-9028-CBEFF90169E2}"
EndProject
Global
	GlobalSection(SolutionConfigurationPlatforms) = preSolution
		Debug|Any CPU = Debug|Any CPU
		Release|Any CPU = Release|Any CPU
	EndGlobalSection
	GlobalSection(ProjectConfigurationPlatforms) = postSolution
		{CBB72CC1-C545-4FE4-9028-CBEFF90169E2}.Debug|Any CPU.ActiveCfg = Debug|Any CPU
		{CBB72CC1-C545-4FE4-9028-CBEFF90169E2}.Debug|Any CPU.Build.0 = Debug|Any CPU
		{CBB72CC1-C545-4FE4-9028-CBEFF90169E2}.Release|Any CPU.ActiveCfg = Release|Any CPU
		{CBB72CC1-C545-4FE4-9028-CBEFF90169E2}.Release|Any CPU.Build.0 = Release|Any CPU
	EndGlobalSection
	GlobalSection(SolutionProperties) = preSolution
		HideSolutionNode = FALSE
	EndGlobalSection
	GlobalSection(ExtensibilityGlobals) = postSolution
		SolutionGuid = {DA4457DB-AA3C-416C-8AF7-33DAFCB4A692}
	EndGlobalSection
EndGlobal
