
Microsoft Visual Studio Solution File, Format Version 12.00
# Visual Studio Version 17
VisualStudioVersion = 17.14.36804.6 d17.14
MinimumVisualStudioVersion = 10.0.40219.1
Project("{FAE04EC0-301F-11D3-BF4B-00C04F79EFBC}") = "task_5_52", "task_5_52\task_5_52.csproj", "{940CC85C-C636-4ECD-8B03-C2505C9962B9}"
EndProject
Global
	GlobalSection(SolutionConfigurationPlatforms) = preSolution
		Debug|Any CPU = Debug|Any CPU
		Release|Any CPU = Release|Any CPU
	EndGlobalSection
	GlobalSection(ProjectConfigurationPlatforms) = postSolution
		{940CC85C-C636-4ECD-8B03-C2505C9962B9}.Debug|Any CPU.ActiveCfg = Debug|Any CPU
		{940CC85C-C636-4ECD-8B03-C2505C9962B9}.Debug|Any CPU.Build.0 = Debug|Any CPU
		{940CC85C-C636-4ECD-8B03-C2505C9962B9}.Release|Any CPU.ActiveCfg = Release|Any CPU
		{940CC85C-C636-4ECD-8B03-C2505C9962B9}.Release|Any CPU.Build.0 = Release|Any CPU
	EndGlobalSection
	GlobalSection(SolutionProperties) = preSolution
		HideSolutionNode = FALSE
	EndGlobalSection
	GlobalSection(ExtensibilityGlobals) = postSolution
		SolutionGuid = {C99ACE91-8CA6-4638-A0DC-06F0F8BC65B2}
	EndGlobalSection
EndGlobal
