
Microsoft Visual Studio Solution File, Format Version 12.00
# Visual Studio Version 17
VisualStudioVersion = 17.14.36804.6 d17.14
MinimumVisualStudioVersion = 10.0.40219.1
Project("{FAE04EC0-301F-11D3-BF4B-00C04F79EFBC}") = "task_5_9", "task_5_9\task_5_9.csproj", "{036DA0BE-6B3B-4950-9F99-534BBE9B144C}"
EndProject
Global
	GlobalSection(SolutionConfigurationPlatforms) = preSolution
		Debug|Any CPU = Debug|Any CPU
		Release|Any CPU = Release|Any CPU
	EndGlobalSection
	GlobalSection(ProjectConfigurationPlatforms) = postSolution
		{036DA0BE-6B3B-4950-9F99-534BBE9B144C}.Debug|Any CPU.ActiveCfg = Debug|Any CPU
		{036DA0BE-6B3B-4950-9F99-534BBE9B144C}.Debug|Any CPU.Build.0 = Debug|Any CPU
		{036DA0BE-6B3B-4950-9F99-534BBE9B144C}.Release|Any CPU.ActiveCfg = Release|Any CPU
		{036DA0BE-6B3B-4950-9F99-534BBE9B144C}.Release|Any CPU.Build.0 = Release|Any CPU
	EndGlobalSection
	GlobalSection(SolutionProperties) = preSolution
		HideSolutionNode = FALSE
	EndGlobalSection
	GlobalSection(ExtensibilityGlobals) = postSolution
		SolutionGuid = {51E98E43-BFED-4800-A7B3-781E7A902FA6}
	EndGlobalSection
EndGlobal
