
Microsoft Visual Studio Solution File, Format Version 12.00
# Visual Studio Version 17
VisualStudioVersion = 17.14.36804.6 d17.14
MinimumVisualStudioVersion = 10.0.40219.1
Project("{FAE04EC0-301F-11D3-BF4B-00C04F79EFBC}") = "task_5_77", "task_5_77\task_5_77.csproj", "{CA785BFC-8C22-4E76-BFDB-DBADEABAE22C}"
EndProject
Global
	GlobalSection(SolutionConfigurationPlatforms) = preSolution
		Debug|Any CPU = Debug|Any CPU
		Release|Any CPU = Release|Any CPU
	EndGlobalSection
	GlobalSection(ProjectConfigurationPlatforms) = postSolution
		{CA785BFC-8C22-4E76-BFDB-DBADEABAE22C}.Debug|Any CPU.ActiveCfg = Debug|Any CPU
		{CA785BFC-8C22-4E76-BFDB-DBADEABAE22C}.Debug|Any CPU.Build.0 = Debug|Any CPU
		{CA785BFC-8C22-4E76-BFDB-DBADEABAE22C}.Release|Any CPU.ActiveCfg = Release|Any CPU
		{CA785BFC-8C22-4E76-BFDB-DBADEABAE22C}.Release|Any CPU.Build.0 = Release|Any CPU
	EndGlobalSection
	GlobalSection(SolutionProperties) = preSolution
		HideSolutionNode = FALSE
	EndGlobalSection
	GlobalSection(ExtensibilityGlobals) = postSolution
		SolutionGuid = {B71C1B12-F41C-4ABA-A51E-3DB26E267E44}
	EndGlobalSection
EndGlobal
