
Microsoft Visual Studio Solution File, Format Version 12.00
# Visual Studio Version 17
VisualStudioVersion = 17.14.36804.6 d17.14
MinimumVisualStudioVersion = 10.0.40219.1
Project("{FAE04EC0-301F-11D3-BF4B-00C04F79EFBC}") = "task_5_43", "task_5_43\task_5_43.csproj", "{DF98002A-9C02-4B64-AD63-0E699EBF3372}"
EndProject
Global
	GlobalSection(SolutionConfigurationPlatforms) = preSolution
		Debug|Any CPU = Debug|Any CPU
		Release|Any CPU = Release|Any CPU
	EndGlobalSection
	GlobalSection(ProjectConfigurationPlatforms) = postSolution
		{DF98002A-9C02-4B64-AD63-0E699EBF3372}.Debug|Any CPU.ActiveCfg = Debug|Any CPU
		{DF98002A-9C02-4B64-AD63-0E699EBF3372}.Debug|Any CPU.Build.0 = Debug|Any CPU
		{DF98002A-9C02-4B64-AD63-0E699EBF3372}.Release|Any CPU.ActiveCfg = Release|Any CPU
		{DF98002A-9C02-4B64-AD63-0E699EBF3372}.Release|Any CPU.Build.0 = Release|Any CPU
	EndGlobalSection
	GlobalSection(SolutionProperties) = preSolution
		HideSolutionNode = FALSE
	EndGlobalSection
	GlobalSection(ExtensibilityGlobals) = postSolution
		SolutionGuid = {7120C384-6151-488A-A84C-4A2DFC18BC52}
	EndGlobalSection
EndGlobal
